
Microsoft Visual Studio Solution File, Format Version 12.00
# Visual Studio Version 17
VisualStudioVersion = 17.4.33213.308
MinimumVisualStudioVersion = 10.0.40219.1
Project("{FAE04EC0-301F-11D3-BF4B-00C04F79EFBC}") = "MeuSiteEmMvc", "MeuSiteEmMvc\MeuSiteEmMvc.csproj", "{8BF1A923-EF99-43C2-A61E-4578C8E3BAC9}"
EndProject
Global
	GlobalSection(SolutionConfigurationPlatforms) = preSolution
		Debug|Any CPU = Debug|Any CPU
		Release|Any CPU = Release|Any CPU
	EndGlobalSection
	GlobalSection(ProjectConfigurationPlatforms) = postSolution
		{8BF1A923-EF99-43C2-A61E-4578C8E3BAC9}.Debug|Any CPU.ActiveCfg = Debug|Any CPU
		{8BF1A923-EF99-43C2-A61E-4578C8E3BAC9}.Debug|Any CPU.Build.0 = Debug|Any CPU
		{8BF1A923-EF99-43C2-A61E-4578C8E3BAC9}.Release|Any CPU.ActiveCfg = Release|Any CPU
		{8BF1A923-EF99-43C2-A61E-4578C8E3BAC9}.Release|Any CPU.Build.0 = Release|Any CPU
	EndGlobalSection
	GlobalSection(SolutionProperties) = preSolution
		HideSolutionNode = FALSE
	EndGlobalSection
	GlobalSection(ExtensibilityGlobals) = postSolution
		SolutionGuid = {11155147-450B-428E-A720-AEC019A57D1B}
	EndGlobalSection
EndGlobal
